
Microsoft Visual Studio Solution File, Format Version 12.00
# Visual Studio Version 16
VisualStudioVersion = 16.0.30413.136
MinimumVisualStudioVersion = 10.0.40219.1
Project("{8BC9CEB8-8B4A-11D0-8D11-00A0C91BC942}") = "1", "1\1.vcxproj", "{69A011B9-9B8A-4BFD-8ED1-2CB16B562F8A}"
EndProject
Project("{8BC9CEB8-8B4A-11D0-8D11-00A0C91BC942}") = "2", "2\2.vcxproj", "{270B739F-6DAF-428A-B092-EF69B6A87992}"
EndProject
Project("{8BC9CEB8-8B4A-11D0-8D11-00A0C91BC942}") = "3", "3\3.vcxproj", "{09916ABF-702D-46B8-9E5D-C23DBF48FB6F}"
EndProject
Project("{8BC9CEB8-8B4A-11D0-8D11-00A0C91BC942}") = "4", "4\4.vcxproj", "{99C269F8-F84A-416B-AC1F-1D5214EE3CA8}"
EndProject
Project("{8BC9CEB8-8B4A-11D0-8D11-00A0C91BC942}") = "5", "5\5.vcxproj", "{492D46C0-3207-4974-AF4A-FA3152890618}"
EndProject
Project("{8BC9CEB8-8B4A-11D0-8D11-00A0C91BC942}") = "6", "6\6.vcxproj", "{24B5D37F-D915-4EA2-AC47-2027DEB3A372}"
EndProject
Project("{8BC9CEB8-8B4A-11D0-8D11-00A0C91BC942}") = "7", "7\7.vcxproj", "{F03D93FF-C671-42D3-9984-96D804BCCC91}"
EndProject
Project("{8BC9CEB8-8B4A-11D0-8D11-00A0C91BC942}") = "8", "8\8.vcxproj", "{5F181375-CE2D-40E1-BDEF-AE058F59AAE4}"
EndProject
Global
	GlobalSection(SolutionConfigurationPlatforms) = preSolution
		Debug|x64 = Debug|x64
		Debug|x86 = Debug|x86
		Release|x64 = Release|x64
		Release|x86 = Release|x86
	EndGlobalSection
	GlobalSection(ProjectConfigurationPlatforms) = postSolution
		{69A011B9-9B8A-4BFD-8ED1-2CB16B562F8A}.Debug|x64.ActiveCfg = Debug|x64
		{69A011B9-9B8A-4BFD-8ED1-2CB16B562F8A}.Debug|x64.Build.0 = Debug|x64
		{69A011B9-9B8A-4BFD-8ED1-2CB16B562F8A}.Debug|x86.ActiveCfg = Debug|Win32
		{69A011B9-9B8A-4BFD-8ED1-2CB16B562F8A}.Debug|x86.Build.0 = Debug|Win32
		{69A011B9-9B8A-4BFD-8ED1-2CB16B562F8A}.Release|x64.ActiveCfg = Release|x64
		{69A011B9-9B8A-4BFD-8ED1-2CB16B562F8A}.Release|x64.Build.0 = Release|x64
		{69A011B9-9B8A-4BFD-8ED1-2CB16B562F8A}.Release|x86.ActiveCfg = Release|Win32
		{69A011B9-9B8A-4BFD-8ED1-2CB16B562F8A}.Release|x86.Build.0 = Release|Win32
		{270B739F-6DAF-428A-B092-EF69B6A87992}.Debug|x64.ActiveCfg = Debug|x64
		{270B739F-6DAF-428A-B092-EF69B6A87992}.Debug|x64.Build.0 = Debug|x64
		{270B739F-6DAF-428A-B092-EF69B6A87992}.Debug|x86.ActiveCfg = Debug|Win32
		{270B739F-6DAF-428A-B092-EF69B6A87992}.Debug|x86.Build.0 = Debug|Win32
		{270B739F-6DAF-428A-B092-EF69B6A87992}.Release|x64.ActiveCfg = Release|x64
		{270B739F-6DAF-428A-B092-EF69B6A87992}.Release|x64.Build.0 = Release|x64
		{270B739F-6DAF-428A-B092-EF69B6A87992}.Release|x86.ActiveCfg = Release|Win32
		{270B739F-6DAF-428A-B092-EF69B6A87992}.Release|x86.Build.0 = Release|Win32
		{09916ABF-702D-46B8-9E5D-C23DBF48FB6F}.Debug|x64.ActiveCfg = Debug|x64
		{09916ABF-702D-46B8-9E5D-C23DBF48FB6F}.Debug|x64.Build.0 = Debug|x64
		{09916ABF-702D-46B8-9E5D-C23DBF48FB6F}.Debug|x86.ActiveCfg = Debug|Win32
		{09916ABF-702D-46B8-9E5D-C23DBF48FB6F}.Debug|x86.Build.0 = Debug|Win32
		{09916ABF-702D-46B8-9E5D-C23DBF48FB6F}.Release|x64.ActiveCfg = Release|x64
		{09916ABF-702D-46B8-9E5D-C23DBF48FB6F}.Release|x64.Build.0 = Release|x64
		{09916ABF-702D-46B8-9E5D-C23DBF48FB6F}.Release|x86.ActiveCfg = Release|Win32
		{09916ABF-702D-46B8-9E5D-C23DBF48FB6F}.Release|x86.Build.0 = Release|Win32
		{99C269F8-F84A-416B-AC1F-1D5214EE3CA8}.Debug|x64.ActiveCfg = Debug|x64
		{99C269F8-F84A-416B-AC1F-1D5214EE3CA8}.Debug|x64.Build.0 = Debug|x64
		{99C269F8-F84A-416B-AC1F-1D5214EE3CA8}.Debug|x86.ActiveCfg = Debug|Win32
		{99C269F8-F84A-416B-AC1F-1D5214EE3CA8}.Debug|x86.Build.0 = Debug|Win32
		{99C269F8-F84A-416B-AC1F-1D5214EE3CA8}.Release|x64.ActiveCfg = Release|x64
		{99C269F8-F84A-416B-AC1F-1D5214EE3CA8}.Release|x64.Build.0 = Release|x64
		{99C269F8-F84A-416B-AC1F-1D5214EE3CA8}.Release|x86.ActiveCfg = Release|Win32
		{99C269F8-F84A-416B-AC1F-1D5214EE3CA8}.Release|x86.Build.0 = Release|Win32
		{492D46C0-3207-4974-AF4A-FA3152890618}.Debug|x64.ActiveCfg = Debug|x64
		{492D46C0-3207-4974-AF4A-FA3152890618}.Debug|x64.Build.0 = Debug|x64
		{492D46C0-3207-4974-AF4A-FA3152890618}.Debug|x86.ActiveCfg = Debug|Win32
		{492D46C0-3207-4974-AF4A-FA3152890618}.Debug|x86.Build.0 = Debug|Win32
		{492D46C0-3207-4974-AF4A-FA3152890618}.Release|x64.ActiveCfg = Release|x64
		{492D46C0-3207-4974-AF4A-FA3152890618}.Release|x64.Build.0 = Release|x64
		{492D46C0-3207-4974-AF4A-FA3152890618}.Release|x86.ActiveCfg = Release|Win32
		{492D46C0-3207-4974-AF4A-FA3152890618}.Release|x86.Build.0 = Release|Win32
		{24B5D37F-D915-4EA2-AC47-2027DEB3A372}.Debug|x64.ActiveCfg = Debug|x64
		{24B5D37F-D915-4EA2-AC47-2027DEB3A372}.Debug|x64.Build.0 = Debug|x64
		{24B5D37F-D915-4EA2-AC47-2027DEB3A372}.Debug|x86.ActiveCfg = Debug|Win32
		{24B5D37F-D915-4EA2-AC47-2027DEB3A372}.Debug|x86.Build.0 = Debug|Win32
		{24B5D37F-D915-4EA2-AC47-2027DEB3A372}.Release|x64.ActiveCfg = Release|x64
		{24B5D37F-D915-4EA2-AC47-2027DEB3A372}.Release|x64.Build.0 = Release|x64
		{24B5D37F-D915-4EA2-AC47-2027DEB3A372}.Release|x86.ActiveCfg = Release|Win32
		{24B5D37F-D915-4EA2-AC47-2027DEB3A372}.Release|x86.Build.0 = Release|Win32
		{F03D93FF-C671-42D3-9984-96D804BCCC91}.Debug|x64.ActiveCfg = Debug|x64
		{F03D93FF-C671-42D3-9984-96D804BCCC91}.Debug|x64.Build.0 = Debug|x64
		{F03D93FF-C671-42D3-9984-96D804BCCC91}.Debug|x86.ActiveCfg = Debug|Win32
		{F03D93FF-C671-42D3-9984-96D804BCCC91}.Debug|x86.Build.0 = Debug|Win32
		{F03D93FF-C671-42D3-9984-96D804BCCC91}.Release|x64.ActiveCfg = Release|x64
		{F03D93FF-C671-42D3-9984-96D804BCCC91}.Release|x64.Build.0 = Release|x64
		{F03D93FF-C671-42D3-9984-96D804BCCC91}.Release|x86.ActiveCfg = Release|Win32
		{F03D93FF-C671-42D3-9984-96D804BCCC91}.Release|x86.Build.0 = Release|Win32
		{5F181375-CE2D-40E1-BDEF-AE058F59AAE4}.Debug|x64.ActiveCfg = Debug|x64
		{5F181375-CE2D-40E1-BDEF-AE058F59AAE4}.Debug|x64.Build.0 = Debug|x64
		{5F181375-CE2D-40E1-BDEF-AE058F59AAE4}.Debug|x86.ActiveCfg = Debug|Win32
		{5F181375-CE2D-40E1-BDEF-AE058F59AAE4}.Debug|x86.Build.0 = Debug|Win32
		{5F181375-CE2D-40E1-BDEF-AE058F59AAE4}.Release|x64.ActiveCfg = Release|x64
		{5F181375-CE2D-40E1-BDEF-AE058F59AAE4}.Release|x64.Build.0 = Release|x64
		{5F181375-CE2D-40E1-BDEF-AE058F59AAE4}.Release|x86.ActiveCfg = Release|Win32
		{5F181375-CE2D-40E1-BDEF-AE058F59AAE4}.Release|x86.Build.0 = Release|Win32
	EndGlobalSection
	GlobalSection(SolutionProperties) = preSolution
		HideSolutionNode = FALSE
	EndGlobalSection
	GlobalSection(ExtensibilityGlobals) = postSolution
		SolutionGuid = {EED048E1-522B-42DA-848B-DA3D7388C355}
	EndGlobalSection
EndGlobal
